// !$*UTF8*$!
{
	archiveVersion = 1;
	classes = {
	};
	objectVersion = 46;
	objects = {

/* Begin PBXBuildFile section */
		DC4D56FE1D950C1300C04A71 /* main.m in Sources */ = {isa = PBXBuildFile; fileRef = DC4D56FD1D950C1300C04A71 /* main.m */; };
		DC4D57011D950C1300C04A71 /* AppDelegate.m in Sources */ = {isa = PBXBuildFile; fileRef = DC4D57001D950C1300C04A71 /* AppDelegate.m */; };
		DC4D57041D950C1300C04A71 /* ViewController.m in Sources */ = {isa = PBXBuildFile; fileRef = DC4D57031D950C1300C04A71 /* ViewController.m */; };
		DC4D57071D950C1300C04A71 /* Main.storyboard in Resources */ = {isa = PBXBuildFile; fileRef = DC4D57051D950C1300C04A71 /* Main.storyboard */; };
		DC4D57091D950C1300C04A71 /* Assets.xcassets in Resources */ = {isa = PBXBuildFile; fileRef = DC4D57081D950C1300C04A71 /* Assets.xcassets */; };
		DC4D570C1D950C1400C04A71 /* LaunchScreen.storyboard in Resources */ = {isa = PBXBuildFile; fileRef = DC4D570A1D950C1400C04A71 /* LaunchScreen.storyboard */; };
		DC4D57171D950C1400C04A71 /* E_CommarceTests.m in Sources */ = {isa = PBXBuildFile; fileRef = DC4D57161D950C1400C04A71 /* E_CommarceTests.m */; };
		DC4D57221D950C1400C04A71 /* E_CommarceUITests.m in Sources */ = {isa = PBXBuildFile; fileRef = DC4D57211D950C1400C04A71 /* E_CommarceUITests.m */; };
		DC4D57301D953FC800C04A71 /* README.md in Sources */ = {isa = PBXBuildFile; fileRef = DC4D572F1D953FC800C04A71 /* README.md */; };
		DCC0F4621D9E3F980030477E /* ProductListViewController.m in Sources */ = {isa = PBXBuildFile; fileRef = DCC0F4611D9E3F980030477E /* ProductListViewController.m */; };
		DCC0F4651D9E3FA90030477E /* DetailViewController.m in Sources */ = {isa = PBXBuildFile; fileRef = DCC0F4641D9E3FA90030477E /* DetailViewController.m */; };
		DCC0F4691D9E3FD50030477E /* CartListViewController.m in Sources */ = {isa = PBXBuildFile; fileRef = DCC0F4681D9E3FD50030477E /* CartListViewController.m */; };
		DCC0F46C1D9E3FE00030477E /* CheckOutViewController.m in Sources */ = {isa = PBXBuildFile; fileRef = DCC0F46B1D9E3FE00030477E /* CheckOutViewController.m */; };
		DCC0F46F1D9E3FEE0030477E /* PaymentViewController.m in Sources */ = {isa = PBXBuildFile; fileRef = DCC0F46E1D9E3FEE0030477E /* PaymentViewController.m */; };
		DCC0F4731D9E40120030477E /* OrderHistoryViewController.m in Sources */ = {isa = PBXBuildFile; fileRef = DCC0F4721D9E40120030477E /* OrderHistoryViewController.m */; };
		DCC0F4771D9E40450030477E /* ProfileViewController.m in Sources */ = {isa = PBXBuildFile; fileRef = DCC0F4761D9E40450030477E /* ProfileViewController.m */; };
		DCC0F47A1D9E40520030477E /* AddressViewController.m in Sources */ = {isa = PBXBuildFile; fileRef = DCC0F4791D9E40520030477E /* AddressViewController.m */; };
		DCC0F47E1D9E407F0030477E /* WishListViewController.m in Sources */ = {isa = PBXBuildFile; fileRef = DCC0F47D1D9E407F0030477E /* WishListViewController.m */; };
		DCC0F4811D9E40950030477E /* WishlistTableViewCell.m in Sources */ = {isa = PBXBuildFile; fileRef = DCC0F4801D9E40950030477E /* WishlistTableViewCell.m */; };
/* End PBXBuildFile section */

/* Begin PBXContainerItemProxy section */
		DC4D57131D950C1400C04A71 /* PBXContainerItemProxy */ = {
			isa = PBXContainerItemProxy;
			containerPortal = DC4D56F11D950C1100C04A71 /* Project object */;
			proxyType = 1;
			remoteGlobalIDString = DC4D56F81D950C1100C04A71;
			remoteInfo = "E-Commarce";
		};
		DC4D571E1D950C1400C04A71 /* PBXContainerItemProxy */ = {
			isa = PBXContainerItemProxy;
			containerPortal = DC4D56F11D950C1100C04A71 /* Project object */;
			proxyType = 1;
			remoteGlobalIDString = DC4D56F81D950C1100C04A71;
			remoteInfo = "E-Commarce";
		};
/* End PBXContainerItemProxy section */

/* Begin PBXFileReference section */
		DC4D56F91D950C1200C04A71 /* E-Commarce.app */ = {isa = PBXFileReference; explicitFileType = wrapper.application; includeInIndex = 0; path = "E-Commarce.app"; sourceTree = BUILT_PRODUCTS_DIR; };
		DC4D56FD1D950C1300C04A71 /* main.m */ = {isa = PBXFileReference; lastKnownFileType = sourcecode.c.objc; path = main.m; sourceTree = "<group>"; };
		DC4D56FF1D950C1300C04A71 /* AppDelegate.h */ = {isa = PBXFileReference; lastKnownFileType = sourcecode.c.h; path = AppDelegate.h; sourceTree = "<group>"; };
		DC4D57001D950C1300C04A71 /* AppDelegate.m */ = {isa = PBXFileReference; lastKnownFileType = sourcecode.c.objc; path = AppDelegate.m; sourceTree = "<group>"; };
		DC4D57021D950C1300C04A71 /* ViewController.h */ = {isa = PBXFileReference; lastKnownFileType = sourcecode.c.h; path = ViewController.h; sourceTree = "<group>"; };
		DC4D57031D950C1300C04A71 /* ViewController.m */ = {isa = PBXFileReference; lastKnownFileType = sourcecode.c.objc; path = ViewController.m; sourceTree = "<group>"; };
		DC4D57061D950C1300C04A71 /* Base */ = {isa = PBXFileReference; lastKnownFileType = file.storyboard; name = Base; path = Base.lproj/Main.storyboard; sourceTree = "<group>"; };
		DC4D57081D950C1300C04A71 /* Assets.xcassets */ = {isa = PBXFileReference; lastKnownFileType = folder.assetcatalog; path = Assets.xcassets; sourceTree = "<group>"; };
		DC4D570B1D950C1400C04A71 /* Base */ = {isa = PBXFileReference; lastKnownFileType = file.storyboard; name = Base; path = Base.lproj/LaunchScreen.storyboard; sourceTree = "<group>"; };
		DC4D570D1D950C1400C04A71 /* Info.plist */ = {isa = PBXFileReference; lastKnownFileType = text.plist.xml; path = Info.plist; sourceTree = "<group>"; };
		DC4D57121D950C1400C04A71 /* E-CommarceTests.xctest */ = {isa = PBXFileReference; explicitFileType = wrapper.cfbundle; includeInIndex = 0; path = "E-CommarceTests.xctest"; sourceTree = BUILT_PRODUCTS_DIR; };
		DC4D57161D950C1400C04A71 /* E_CommarceTests.m */ = {isa = PBXFileReference; lastKnownFileType = sourcecode.c.objc; path = E_CommarceTests.m; sourceTree = "<group>"; };
		DC4D57181D950C1400C04A71 /* Info.plist */ = {isa = PBXFileReference; lastKnownFileType = text.plist.xml; path = Info.plist; sourceTree = "<group>"; };
		DC4D571D1D950C1400C04A71 /* E-CommarceUITests.xctest */ = {isa = PBXFileReference; explicitFileType = wrapper.cfbundle; includeInIndex = 0; path = "E-CommarceUITests.xctest"; sourceTree = BUILT_PRODUCTS_DIR; };
		DC4D57211D950C1400C04A71 /* E_CommarceUITests.m */ = {isa = PBXFileReference; lastKnownFileType = sourcecode.c.objc; path = E_CommarceUITests.m; sourceTree = "<group>"; };
		DC4D57231D950C1400C04A71 /* Info.plist */ = {isa = PBXFileReference; lastKnownFileType = text.plist.xml; path = Info.plist; sourceTree = "<group>"; };
		DC4D572F1D953FC800C04A71 /* README.md */ = {isa = PBXFileReference; fileEncoding = 4; lastKnownFileType = net.daringfireball.markdown; path = README.md; sourceTree = "<group>"; };
		DCC0F4601D9E3F980030477E /* ProductListViewController.h */ = {isa = PBXFileReference; fileEncoding = 4; lastKnownFileType = sourcecode.c.h; path = ProductListViewController.h; sourceTree = "<group>"; };
		DCC0F4611D9E3F980030477E /* ProductListViewController.m */ = {isa = PBXFileReference; fileEncoding = 4; lastKnownFileType = sourcecode.c.objc; path = ProductListViewController.m; sourceTree = "<group>"; };
		DCC0F4631D9E3FA90030477E /* DetailViewController.h */ = {isa = PBXFileReference; fileEncoding = 4; lastKnownFileType = sourcecode.c.h; path = DetailViewController.h; sourceTree = "<group>"; };
		DCC0F4641D9E3FA90030477E /* DetailViewController.m */ = {isa = PBXFileReference; fileEncoding = 4; lastKnownFileType = sourcecode.c.objc; path = DetailViewController.m; sourceTree = "<group>"; };
		DCC0F4671D9E3FD50030477E /* CartListViewController.h */ = {isa = PBXFileReference; fileEncoding = 4; lastKnownFileType = sourcecode.c.h; path = CartListViewController.h; sourceTree = "<group>"; };
		DCC0F4681D9E3FD50030477E /* CartListViewController.m */ = {isa = PBXFileReference; fileEncoding = 4; lastKnownFileType = sourcecode.c.objc; path = CartListViewController.m; sourceTree = "<group>"; };
		DCC0F46A1D9E3FE00030477E /* CheckOutViewController.h */ = {isa = PBXFileReference; fileEncoding = 4; lastKnownFileType = sourcecode.c.h; path = CheckOutViewController.h; sourceTree = "<group>"; };
		DCC0F46B1D9E3FE00030477E /* CheckOutViewController.m */ = {isa = PBXFileReference; fileEncoding = 4; lastKnownFileType = sourcecode.c.objc; path = CheckOutViewController.m; sourceTree = "<group>"; };
		DCC0F46D1D9E3FEE0030477E /* PaymentViewController.h */ = {isa = PBXFileReference; fileEncoding = 4; lastKnownFileType = sourcecode.c.h; path = PaymentViewController.h; sourceTree = "<group>"; };
		DCC0F46E1D9E3FEE0030477E /* PaymentViewController.m */ = {isa = PBXFileReference; fileEncoding = 4; lastKnownFileType = sourcecode.c.objc; path = PaymentViewController.m; sourceTree = "<group>"; };
		DCC0F4711D9E40120030477E /* OrderHistoryViewController.h */ = {isa = PBXFileReference; fileEncoding = 4; lastKnownFileType = sourcecode.c.h; path = OrderHistoryViewController.h; sourceTree = "<group>"; };
		DCC0F4721D9E40120030477E /* OrderHistoryViewController.m */ = {isa = PBXFileReference; fileEncoding = 4; lastKnownFileType = sourcecode.c.objc; path = OrderHistoryViewController.m; sourceTree = "<group>"; };
		DCC0F4751D9E40450030477E /* ProfileViewController.h */ = {isa = PBXFileReference; fileEncoding = 4; lastKnownFileType = sourcecode.c.h; path = ProfileViewController.h; sourceTree = "<group>"; };
		DCC0F4761D9E40450030477E /* ProfileViewController.m */ = {isa = PBXFileReference; fileEncoding = 4; lastKnownFileType = sourcecode.c.objc; path = ProfileViewController.m; sourceTree = "<group>"; };
		DCC0F4781D9E40520030477E /* AddressViewController.h */ = {isa = PBXFileReference; fileEncoding = 4; lastKnownFileType = sourcecode.c.h; path = AddressViewController.h; sourceTree = "<group>"; };
		DCC0F4791D9E40520030477E /* AddressViewController.m */ = {isa = PBXFileReference; fileEncoding = 4; lastKnownFileType = sourcecode.c.objc; path = AddressViewController.m; sourceTree = "<group>"; };
		DCC0F47C1D9E407F0030477E /* WishListViewController.h */ = {isa = PBXFileReference; fileEncoding = 4; lastKnownFileType = sourcecode.c.h; path = WishListViewController.h; sourceTree = "<group>"; };
		DCC0F47D1D9E407F0030477E /* WishListViewController.m */ = {isa = PBXFileReference; fileEncoding = 4; lastKnownFileType = sourcecode.c.objc; path = WishListViewController.m; sourceTree = "<group>"; };
		DCC0F47F1D9E40950030477E /* WishlistTableViewCell.h */ = {isa = PBXFileReference; fileEncoding = 4; lastKnownFileType = sourcecode.c.h; path = WishlistTableViewCell.h; sourceTree = "<group>"; };
		DCC0F4801D9E40950030477E /* WishlistTableViewCell.m */ = {isa = PBXFileReference; fileEncoding = 4; lastKnownFileType = sourcecode.c.objc; path = WishlistTableViewCell.m; sourceTree = "<group>"; };
/* End PBXFileReference section */

/* Begin PBXFrameworksBuildPhase section */
		DC4D56F61D950C1100C04A71 /* Frameworks */ = {
			isa = PBXFrameworksBuildPhase;
			buildActionMask = 2147483647;
			files = (
			);
			runOnlyForDeploymentPostprocessing = 0;
		};
		DC4D570F1D950C1400C04A71 /* Frameworks */ = {
			isa = PBXFrameworksBuildPhase;
			buildActionMask = 2147483647;
			files = (
			);
			runOnlyForDeploymentPostprocessing = 0;
		};
		DC4D571A1D950C1400C04A71 /* Frameworks */ = {
			isa = PBXFrameworksBuildPhase;
			buildActionMask = 2147483647;
			files = (
			);
			runOnlyForDeploymentPostprocessing = 0;
		};
/* End PBXFrameworksBuildPhase section */

/* Begin PBXGroup section */
		DC4D56F01D950C1000C04A71 = {
			isa = PBXGroup;
			children = (
				DC4D572F1D953FC800C04A71 /* README.md */,
				DC4D56FB1D950C1200C04A71 /* E-Commarce */,
				DC4D57151D950C1400C04A71 /* E-CommarceTests */,
				DC4D57201D950C1400C04A71 /* E-CommarceUITests */,
				DC4D56FA1D950C1200C04A71 /* Products */,
			);
			sourceTree = "<group>";
		};
		DC4D56FA1D950C1200C04A71 /* Products */ = {
			isa = PBXGroup;
			children = (
				DC4D56F91D950C1200C04A71 /* E-Commarce.app */,
				DC4D57121D950C1400C04A71 /* E-CommarceTests.xctest */,
				DC4D571D1D950C1400C04A71 /* E-CommarceUITests.xctest */,
			);
			name = Products;
			sourceTree = "<group>";
		};
		DC4D56FB1D950C1200C04A71 /* E-Commarce */ = {
			isa = PBXGroup;
			children = (
				DCC0F47B1D9E40680030477E /* WishLsit View */,
				DCC0F4741D9E40320030477E /* Account View */,
				DCC0F4701D9E3FF50030477E /* OrderHistory View */,
				DCC0F4661D9E3FB60030477E /* CartView */,
				DCC0F45F1D9E3F5F0030477E /* Porduct view */,
				DC4D56FF1D950C1300C04A71 /* AppDelegate.h */,
				DC4D57001D950C1300C04A71 /* AppDelegate.m */,
				DC4D57051D950C1300C04A71 /* Main.storyboard */,
				DC4D57081D950C1300C04A71 /* Assets.xcassets */,
				DC4D570A1D950C1400C04A71 /* LaunchScreen.storyboard */,
				DC4D570D1D950C1400C04A71 /* Info.plist */,
				DC4D56FC1D950C1300C04A71 /* Supporting Files */,
			);
			path = "E-Commarce";
			sourceTree = "<group>";
		};
		DC4D56FC1D950C1300C04A71 /* Supporting Files */ = {
			isa = PBXGroup;
			children = (
				DC4D56FD1D950C1300C04A71 /* main.m */,
			);
			name = "Supporting Files";
			sourceTree = "<group>";
		};
		DC4D57151D950C1400C04A71 /* E-CommarceTests */ = {
			isa = PBXGroup;
			children = (
				DC4D57161D950C1400C04A71 /* E_CommarceTests.m */,
				DC4D57181D950C1400C04A71 /* Info.plist */,
			);
			path = "E-CommarceTests";
			sourceTree = "<group>";
		};
		DC4D57201D950C1400C04A71 /* E-CommarceUITests */ = {
			isa = PBXGroup;
			children = (
				DC4D57211D950C1400C04A71 /* E_CommarceUITests.m */,
				DC4D57231D950C1400C04A71 /* Info.plist */,
			);
			path = "E-CommarceUITests";
			sourceTree = "<group>";
		};
		DCC0F45F1D9E3F5F0030477E /* Porduct view */ = {
			isa = PBXGroup;
			children = (
				DC4D57021D950C1300C04A71 /* ViewController.h */,
				DC4D57031D950C1300C04A71 /* ViewController.m */,
				DCC0F4601D9E3F980030477E /* ProductListViewController.h */,
				DCC0F4611D9E3F980030477E /* ProductListViewController.m */,
				DCC0F4631D9E3FA90030477E /* DetailViewController.h */,
				DCC0F4641D9E3FA90030477E /* DetailViewController.m */,
			);
			name = "Porduct view";
			sourceTree = "<group>";
		};
		DCC0F4661D9E3FB60030477E /* CartView */ = {
			isa = PBXGroup;
			children = (
				DCC0F4671D9E3FD50030477E /* CartListViewController.h */,
				DCC0F4681D9E3FD50030477E /* CartListViewController.m */,
				DCC0F46A1D9E3FE00030477E /* CheckOutViewController.h */,
				DCC0F46B1D9E3FE00030477E /* CheckOutViewController.m */,
				DCC0F46D1D9E3FEE0030477E /* PaymentViewController.h */,
				DCC0F46E1D9E3FEE0030477E /* PaymentViewController.m */,
			);
			name = CartView;
			sourceTree = "<group>";
		};
		DCC0F4701D9E3FF50030477E /* OrderHistory View */ = {
			isa = PBXGroup;
			children = (
				DCC0F4711D9E40120030477E /* OrderHistoryViewController.h */,
				DCC0F4721D9E40120030477E /* OrderHistoryViewController.m */,
			);
			name = "OrderHistory View";
			sourceTree = "<group>";
		};
		DCC0F4741D9E40320030477E /* Account View */ = {
			isa = PBXGroup;
			children = (
				DCC0F4751D9E40450030477E /* ProfileViewController.h */,
				DCC0F4761D9E40450030477E /* ProfileViewController.m */,
				DCC0F4781D9E40520030477E /* AddressViewController.h */,
				DCC0F4791D9E40520030477E /* AddressViewController.m */,
			);
			name = "Account View";
			sourceTree = "<group>";
		};
		DCC0F47B1D9E40680030477E /* WishLsit View */ = {
			isa = PBXGroup;
			children = (
				DCC0F47C1D9E407F0030477E /* WishListViewController.h */,
				DCC0F47D1D9E407F0030477E /* WishListViewController.m */,
				DCC0F47F1D9E40950030477E /* WishlistTableViewCell.h */,
				DCC0F4801D9E40950030477E /* WishlistTableViewCell.m */,
			);
			name = "WishLsit View";
			sourceTree = "<group>";
		};
/* End PBXGroup section */

/* Begin PBXNativeTarget section */
		DC4D56F81D950C1100C04A71 /* E-Commarce */ = {
			isa = PBXNativeTarget;
			buildConfigurationList = DC4D57261D950C1400C04A71 /* Build configuration list for PBXNativeTarget "E-Commarce" */;
			buildPhases = (
				DC4D56F51D950C1100C04A71 /* Sources */,
				DC4D56F61D950C1100C04A71 /* Frameworks */,
				DC4D56F71D950C1100C04A71 /* Resources */,
			);
			buildRules = (
			);
			dependencies = (
			);
			name = "E-Commarce";
			productName = "E-Commarce";
			productReference = DC4D56F91D950C1200C04A71 /* E-Commarce.app */;
			productType = "com.apple.product-type.application";
		};
		DC4D57111D950C1400C04A71 /* E-CommarceTests */ = {
			isa = PBXNativeTarget;
			buildConfigurationList = DC4D57291D950C1400C04A71 /* Build configuration list for PBXNativeTarget "E-CommarceTests" */;
			buildPhases = (
				DC4D570E1D950C1400C04A71 /* Sources */,
				DC4D570F1D950C1400C04A71 /* Frameworks */,
				DC4D57101D950C1400C04A71 /* Resources */,
			);
			buildRules = (
			);
			dependencies = (
				DC4D57141D950C1400C04A71 /* PBXTargetDependency */,
			);
			name = "E-CommarceTests";
			productName = "E-CommarceTests";
			productReference = DC4D57121D950C1400C04A71 /* E-CommarceTests.xctest */;
			productType = "com.apple.product-type.bundle.unit-test";
		};
		DC4D571C1D950C1400C04A71 /* E-CommarceUITests */ = {
			isa = PBXNativeTarget;
			buildConfigurationList = DC4D572C1D950C1400C04A71 /* Build configuration list for PBXNativeTarget "E-CommarceUITests" */;
			buildPhases = (
				DC4D57191D950C1400C04A71 /* Sources */,
				DC4D571A1D950C1400C04A71 /* Frameworks */,
				DC4D571B1D950C1400C04A71 /* Resources */,
			);
			buildRules = (
			);
			dependencies = (
				DC4D571F1D950C1400C04A71 /* PBXTargetDependency */,
			);
			name = "E-CommarceUITests";
			productName = "E-CommarceUITests";
			productReference = DC4D571D1D950C1400C04A71 /* E-CommarceUITests.xctest */;
			productType = "com.apple.product-type.bundle.ui-testing";
		};
/* End PBXNativeTarget section */

/* Begin PBXProject section */
		DC4D56F11D950C1100C04A71 /* Project object */ = {
			isa = PBXProject;
			attributes = {
				LastUpgradeCheck = 0730;
				ORGANIZATIONNAME = Com.Commarce;
				TargetAttributes = {
					DC4D56F81D950C1100C04A71 = {
						CreatedOnToolsVersion = 7.3;
					};
					DC4D57111D950C1400C04A71 = {
						CreatedOnToolsVersion = 7.3;
						TestTargetID = DC4D56F81D950C1100C04A71;
					};
					DC4D571C1D950C1400C04A71 = {
						CreatedOnToolsVersion = 7.3;
						TestTargetID = DC4D56F81D950C1100C04A71;
					};
				};
			};
			buildConfigurationList = DC4D56F41D950C1100C04A71 /* Build configuration list for PBXProject "E-Commarce" */;
			compatibilityVersion = "Xcode 3.2";
			developmentRegion = English;
			hasScannedForEncodings = 0;
			knownRegions = (
				en,
				Base,
			);
			mainGroup = DC4D56F01D950C1000C04A71;
			productRefGroup = DC4D56FA1D950C1200C04A71 /* Products */;
			projectDirPath = "";
			projectRoot = "";
			targets = (
				DC4D56F81D950C1100C04A71 /* E-Commarce */,
				DC4D57111D950C1400C04A71 /* E-CommarceTests */,
				DC4D571C1D950C1400C04A71 /* E-CommarceUITests */,
			);
		};
/* End PBXProject section */

/* Begin PBXResourcesBuildPhase section */
		DC4D56F71D950C1100C04A71 /* Resources */ = {
			isa = PBXResourcesBuildPhase;
			buildActionMask = 2147483647;
			files = (
				DC4D570C1D950C1400C04A71 /* LaunchScreen.storyboard in Resources */,
				DC4D57091D950C1300C04A71 /* Assets.xcassets in Resources */,
				DC4D57071D950C1300C04A71 /* Main.storyboard in Resources */,
			);
			runOnlyForDeploymentPostprocessing = 0;
		};
		DC4D57101D950C1400C04A71 /* Resources */ = {
			isa = PBXResourcesBuildPhase;
			buildActionMask = 2147483647;
			files = (
			);
			runOnlyForDeploymentPostprocessing = 0;
		};
		DC4D571B1D950C1400C04A71 /* Resources */ = {
			isa = PBXResourcesBuildPhase;
			buildActionMask = 2147483647;
			files = (
			);
			runOnlyForDeploymentPostprocessing = 0;
		};
/* End PBXResourcesBuildPhase section */

/* Begin PBXSourcesBuildPhase section */
		DC4D56F51D950C1100C04A71 /* Sources */ = {
			isa = PBXSourcesBuildPhase;
			buildActionMask = 2147483647;
			files = (
				DCC0F46F1D9E3FEE0030477E /* PaymentViewController.m in Sources */,
				DCC0F47E1D9E407F0030477E /* WishListViewController.m in Sources */,
				DCC0F4811D9E40950030477E /* WishlistTableViewCell.m in Sources */,
				DCC0F46C1D9E3FE00030477E /* CheckOutViewController.m in Sources */,
				DCC0F4731D9E40120030477E /* OrderHistoryViewController.m in Sources */,
				DCC0F47A1D9E40520030477E /* AddressViewController.m in Sources */,
				DCC0F4621D9E3F980030477E /* ProductListViewController.m in Sources */,
				DCC0F4691D9E3FD50030477E /* CartListViewController.m in Sources */,
				DC4D57041D950C1300C04A71 /* ViewController.m in Sources */,
				DC4D57011D950C1300C04A71 /* AppDelegate.m in Sources */,
				DC4D57301D953FC800C04A71 /* README.md in Sources */,
				DCC0F4771D9E40450030477E /* ProfileViewController.m in Sources */,
				DC4D56FE1D950C1300C04A71 /* main.m in Sources */,
				DCC0F4651D9E3FA90030477E /* DetailViewController.m in Sources */,
			);
			runOnlyForDeploymentPostprocessing = 0;
		};
		DC4D570E1D950C1400C04A71 /* Sources */ = {
			isa = PBXSourcesBuildPhase;
			buildActionMask = 2147483647;
			files = (
				DC4D57171D950C1400C04A71 /* E_CommarceTests.m in Sources */,
			);
			runOnlyForDeploymentPostprocessing = 0;
		};
		DC4D57191D950C1400C04A71 /* Sources */ = {
			isa = PBXSourcesBuildPhase;
			buildActionMask = 2147483647;
			files = (
				DC4D57221D950C1400C04A71 /* E_CommarceUITests.m in Sources */,
			);
			runOnlyForDeploymentPostprocessing = 0;
		};
/* End PBXSourcesBuildPhase section */

/* Begin PBXTargetDependency section */
		DC4D57141D950C1400C04A71 /* PBXTargetDependency */ = {
			isa = PBXTargetDependency;
			target = DC4D56F81D950C1100C04A71 /* E-Commarce */;
			targetProxy = DC4D57131D950C1400C04A71 /* PBXContainerItemProxy */;
		};
		DC4D571F1D950C1400C04A71 /* PBXTargetDependency */ = {
			isa = PBXTargetDependency;
			target = DC4D56F81D950C1100C04A71 /* E-Commarce */;
			targetProxy = DC4D571E1D950C1400C04A71 /* PBXContainerItemProxy */;
		};
/* End PBXTargetDependency section */

/* Begin PBXVariantGroup section */
		DC4D57051D950C1300C04A71 /* Main.storyboard */ = {
			isa = PBXVariantGroup;
			children = (
				DC4D57061D950C1300C04A71 /* Base */,
			);
			name = Main.storyboard;
			sourceTree = "<group>";
		};
		DC4D570A1D950C1400C04A71 /* LaunchScreen.storyboard */ = {
			isa = PBXVariantGroup;
			children = (
				DC4D570B1D950C1400C04A71 /* Base */,
			);
			name = LaunchScreen.storyboard;
			sourceTree = "<group>";
		};
/* End PBXVariantGroup section */

/* Begin XCBuildConfiguration section */
		DC4D57241D950C1400C04A71 /* Debug */ = {
			isa = XCBuildConfiguration;
			buildSettings = {
				ALWAYS_SEARCH_USER_PATHS = NO;
				CLANG_ANALYZER_NONNULL = YES;
				CLANG_CXX_LANGUAGE_STANDARD = "gnu++0x";
				CLANG_CXX_LIBRARY = "libc++";
				CLANG_ENABLE_MODULES = YES;
				CLANG_ENABLE_OBJC_ARC = YES;
				CLANG_WARN_BOOL_CONVERSION = YES;
				CLANG_WARN_CONSTANT_CONVERSION = YES;
				CLANG_WARN_DIRECT_OBJC_ISA_USAGE = YES_ERROR;
				CLANG_WARN_EMPTY_BODY = YES;
				CLANG_WARN_ENUM_CONVERSION = YES;
				CLANG_WARN_INT_CONVERSION = YES;
				CLANG_WARN_OBJC_ROOT_CLASS = YES_ERROR;
				CLANG_WARN_UNREACHABLE_CODE = YES;
				CLANG_WARN__DUPLICATE_METHOD_MATCH = YES;
				"CODE_SIGN_IDENTITY[sdk=iphoneos*]" = "iPhone Developer";
				COPY_PHASE_STRIP = NO;
				DEBUG_INFORMATION_FORMAT = dwarf;
				ENABLE_STRICT_OBJC_MSGSEND = YES;
				ENABLE_TESTABILITY = YES;
				GCC_C_LANGUAGE_STANDARD = gnu99;
				GCC_DYNAMIC_NO_PIC = NO;
				GCC_NO_COMMON_BLOCKS = YES;
				GCC_OPTIMIZATION_LEVEL = 0;
				GCC_PREPROCESSOR_DEFINITIONS = (
					"DEBUG=1",
					"$(inherited)",
				);
				GCC_WARN_64_TO_32_BIT_CONVERSION = YES;
				GCC_WARN_ABOUT_RETURN_TYPE = YES_ERROR;
				GCC_WARN_UNDECLARED_SELECTOR = YES;
				GCC_WARN_UNINITIALIZED_AUTOS = YES_AGGRESSIVE;
				GCC_WARN_UNUSED_FUNCTION = YES;
				GCC_WARN_UNUSED_VARIABLE = YES;
				IPHONEOS_DEPLOYMENT_TARGET = 9.3;
				MTL_ENABLE_DEBUG_INFO = YES;
				ONLY_ACTIVE_ARCH = YES;
				SDKROOT = iphoneos;
			};
			name = Debug;
		};
		DC4D57251D950C1400C04A71 /* Release */ = {
			isa = XCBuildConfiguration;
			buildSettings = {
				ALWAYS_SEARCH_USER_PATHS = NO;
				CLANG_ANALYZER_NONNULL = YES;
				CLANG_CXX_LANGUAGE_STANDARD = "gnu++0x";
				CLANG_CXX_LIBRARY = "libc++";
				CLANG_ENABLE_MODULES = YES;
				CLANG_ENABLE_OBJC_ARC = YES;
				CLANG_WARN_BOOL_CONVERSION = YES;
				CLANG_WARN_CONSTANT_CONVERSION = YES;
				CLANG_WARN_DIRECT_OBJC_ISA_USAGE = YES_ERROR;
				CLANG_WARN_EMPTY_BODY = YES;
				CLANG_WARN_ENUM_CONVERSION = YES;
				CLANG_WARN_INT_CONVERSION = YES;
				CLANG_WARN_OBJC_ROOT_CLASS = YES_ERROR;
				CLANG_WARN_UNREACHABLE_CODE = YES;
				CLANG_WARN__DUPLICATE_METHOD_MATCH = YES;
				"CODE_SIGN_IDENTITY[sdk=iphoneos*]" = "iPhone Developer";
				COPY_PHASE_STRIP = NO;
				DEBUG_INFORMATION_FORMAT = "dwarf-with-dsym";
				ENABLE_NS_ASSERTIONS = NO;
				ENABLE_STRICT_OBJC_MSGSEND = YES;
				GCC_C_LANGUAGE_STANDARD = gnu99;
				GCC_NO_COMMON_BLOCKS = YES;
				GCC_WARN_64_TO_32_BIT_CONVERSION = YES;
				GCC_WARN_ABOUT_RETURN_TYPE = YES_ERROR;
				GCC_WARN_UNDECLARED_SELECTOR = YES;
				GCC_WARN_UNINITIALIZED_AUTOS = YES_AGGRESSIVE;
				GCC_WARN_UNUSED_FUNCTION = YES;
				GCC_WARN_UNUSED_VARIABLE = YES;
				IPHONEOS_DEPLOYMENT_TARGET = 9.3;
				MTL_ENABLE_DEBUG_INFO = NO;
				SDKROOT = iphoneos;
				VALIDATE_PRODUCT = YES;
			};
			name = Release;
		};
		DC4D57271D950C1400C04A71 /* Debug */ = {
			isa = XCBuildConfiguration;
			buildSettings = {
				ASSETCATALOG_COMPILER_APPICON_NAME = AppIcon;
				INFOPLIST_FILE = "E-Commarce/Info.plist";
				LD_RUNPATH_SEARCH_PATHS = "$(inherited) @executable_path/Frameworks";
				PRODUCT_BUNDLE_IDENTIFIER = "Commarce.E-Commarce";
				PRODUCT_NAME = "$(TARGET_NAME)";
			};
			name = Debug;
		};
		DC4D57281D950C1400C04A71 /* Release */ = {
			isa = XCBuildConfiguration;
			buildSettings = {
				ASSETCATALOG_COMPILER_APPICON_NAME = AppIcon;
				INFOPLIST_FILE = "E-Commarce/Info.plist";
				LD_RUNPATH_SEARCH_PATHS = "$(inherited) @executable_path/Frameworks";
				PRODUCT_BUNDLE_IDENTIFIER = "Commarce.E-Commarce";
				PRODUCT_NAME = "$(TARGET_NAME)";
			};
			name = Release;
		};
		DC4D572A1D950C1400C04A71 /* Debug */ = {
			isa = XCBuildConfiguration;
			buildSettings = {
				BUNDLE_LOADER = "$(TEST_HOST)";
				INFOPLIST_FILE = "E-CommarceTests/Info.plist";
				LD_RUNPATH_SEARCH_PATHS = "$(inherited) @executable_path/Frameworks @loader_path/Frameworks";
				PRODUCT_BUNDLE_IDENTIFIER = "Commarce.E-CommarceTests";
				PRODUCT_NAME = "$(TARGET_NAME)";
				TEST_HOST = "$(BUILT_PRODUCTS_DIR)/E-Commarce.app/E-Commarce";
			};
			name = Debug;
		};
		DC4D572B1D950C1400C04A71 /* Release */ = {
			isa = XCBuildConfiguration;
			buildSettings = {
				BUNDLE_LOADER = "$(TEST_HOST)";
				INFOPLIST_FILE = "E-CommarceTests/Info.plist";
				LD_RUNPATH_SEARCH_PATHS = "$(inherited) @executable_path/Frameworks @loader_path/Frameworks";
				PRODUCT_BUNDLE_IDENTIFIER = "Commarce.E-CommarceTests";
				PRODUCT_NAME = "$(TARGET_NAME)";
				TEST_HOST = "$(BUILT_PRODUCTS_DIR)/E-Commarce.app/E-Commarce";
			};
			name = Release;
		};
		DC4D572D1D950C1400C04A71 /* Debug */ = {
			isa = XCBuildConfiguration;
			buildSettings = {
				INFOPLIST_FILE = "E-CommarceUITests/Info.plist";
				LD_RUNPATH_SEARCH_PATHS = "$(inherited) @executable_path/Frameworks @loader_path/Frameworks";
				PRODUCT_BUNDLE_IDENTIFIER = "Commarce.E-CommarceUITests";
				PRODUCT_NAME = "$(TARGET_NAME)";
				TEST_TARGET_NAME = "E-Commarce";
			};
			name = Debug;
		};
		DC4D572E1D950C1400C04A71 /* Release */ = {
			isa = XCBuildConfiguration;
			buildSettings = {
				INFOPLIST_FILE = "E-CommarceUITests/Info.plist";
				LD_RUNPATH_SEARCH_PATHS = "$(inherited) @executable_path/Frameworks @loader_path/Frameworks";
				PRODUCT_BUNDLE_IDENTIFIER = "Commarce.E-CommarceUITests";
				PRODUCT_NAME = "$(TARGET_NAME)";
				TEST_TARGET_NAME = "E-Commarce";
			};
			name = Release;
		};
/* End XCBuildConfiguration section */

/* Begin XCConfigurationList section */
		DC4D56F41D950C1100C04A71 /* Build configuration list for PBXProject "E-Commarce" */ = {
			isa = XCConfigurationList;
			buildConfigurations = (
				DC4D57241D950C1400C04A71 /* Debug */,
				DC4D57251D950C1400C04A71 /* Release */,
			);
			defaultConfigurationIsVisible = 0;
			defaultConfigurationName = Release;
		};
		DC4D57261D950C1400C04A71 /* Build configuration list for PBXNativeTarget "E-Commarce" */ = {
			isa = XCConfigurationList;
			buildConfigurations = (
				DC4D57271D950C1400C04A71 /* Debug */,
				DC4D57281D950C1400C04A71 /* Release */,
			);
			defaultConfigurationIsVisible = 0;
			defaultConfigurationName = Release;
		};
		DC4D57291D950C1400C04A71 /* Build configuration list for PBXNativeTarget "E-CommarceTests" */ = {
			isa = XCConfigurationList;
			buildConfigurations = (
				DC4D572A1D950C1400C04A71 /* Debug */,
				DC4D572B1D950C1400C04A71 /* Release */,
			);
			defaultConfigurationIsVisible = 0;
			defaultConfigurationName = Release;
		};
		DC4D572C1D950C1400C04A71 /* Build configuration list for PBXNativeTarget "E-CommarceUITests" */ = {
			isa = XCConfigurationList;
			buildConfigurations = (
				DC4D572D1D950C1400C04A71 /* Debug */,
				DC4D572E1D950C1400C04A71 /* Release */,
			);
			defaultConfigurationIsVisible = 0;
			defaultConfigurationName = Release;
		};
/* End XCConfigurationList section */
	};
	rootObject = DC4D56F11D950C1100C04A71 /* Project object */;
}
